
Microsoft Visual Studio Solution File, Format Version 12.00
# Visual Studio 15
VisualStudioVersion = 15.0.28010.2046
MinimumVisualStudioVersion = 10.0.40219.1
Project("{9A19103F-16F7-4668-BE54-9A1E7A4F7556}") = "TemplateWebAppClient", "TemplateWebAppClient\TemplateWebAppClient.csproj", "{CC39C3CF-E162-4309-817A-F1D625175EED}"
EndProject
Project("{FAE04EC0-301F-11D3-BF4B-00C04F79EFBC}") = "TemplateWebAppApi", "TemplateWebAppApi\TemplateWebAppApi.csproj", "{A8C5EB9A-8317-4069-B913-940676CF0557}"
	ProjectSection(ProjectDependencies) = postProject
		{3112CC47-130C-4FF7-9D28-76FBCC010A2F} = {3112CC47-130C-4FF7-9D28-76FBCC010A2F}
	EndProjectSection
EndProject
Project("{00D1A9C2-B5F0-4AF3-8072-F6C62B433612}") = "TemplateWebAppDb", "TemplateWebAppDb\TemplateWebAppDb.sqlproj", "{5C73EC03-810C-4AD2-8562-44827B551B44}"
EndProject
Project("{FAE04EC0-301F-11D3-BF4B-00C04F79EFBC}") = "TemplateWebAppCommon", "TemplateWebAppCommon\TemplateWebAppCommon.csproj", "{3112CC47-130C-4FF7-9D28-76FBCC010A2F}"
EndProject
Project("{FAE04EC0-301F-11D3-BF4B-00C04F79EFBC}") = "TemplateWebAppTest", "TemplateWebAppTest\TemplateWebAppTest.csproj", "{95442A6D-A71B-4818-8E34-3BC237841E28}"
EndProject
Global
	GlobalSection(SolutionConfigurationPlatforms) = preSolution
		Debug|Any CPU = Debug|Any CPU
		Release|Any CPU = Release|Any CPU
	EndGlobalSection
	GlobalSection(ProjectConfigurationPlatforms) = postSolution
		{CC39C3CF-E162-4309-817A-F1D625175EED}.Debug|Any CPU.ActiveCfg = Debug|Any CPU
		{CC39C3CF-E162-4309-817A-F1D625175EED}.Debug|Any CPU.Build.0 = Debug|Any CPU
		{CC39C3CF-E162-4309-817A-F1D625175EED}.Release|Any CPU.ActiveCfg = Debug|Any CPU
		{CC39C3CF-E162-4309-817A-F1D625175EED}.Release|Any CPU.Build.0 = Debug|Any CPU
		{A8C5EB9A-8317-4069-B913-940676CF0557}.Debug|Any CPU.ActiveCfg = Debug|Any CPU
		{A8C5EB9A-8317-4069-B913-940676CF0557}.Debug|Any CPU.Build.0 = Debug|Any CPU
		{A8C5EB9A-8317-4069-B913-940676CF0557}.Release|Any CPU.ActiveCfg = Debug|Any CPU
		{A8C5EB9A-8317-4069-B913-940676CF0557}.Release|Any CPU.Build.0 = Debug|Any CPU
		{5C73EC03-810C-4AD2-8562-44827B551B44}.Debug|Any CPU.ActiveCfg = Debug|Any CPU
		{5C73EC03-810C-4AD2-8562-44827B551B44}.Debug|Any CPU.Build.0 = Debug|Any CPU
		{5C73EC03-810C-4AD2-8562-44827B551B44}.Release|Any CPU.ActiveCfg = Debug|Any CPU
		{5C73EC03-810C-4AD2-8562-44827B551B44}.Release|Any CPU.Build.0 = Debug|Any CPU
		{3112CC47-130C-4FF7-9D28-76FBCC010A2F}.Debug|Any CPU.ActiveCfg = Debug|Any CPU
		{3112CC47-130C-4FF7-9D28-76FBCC010A2F}.Debug|Any CPU.Build.0 = Debug|Any CPU
		{3112CC47-130C-4FF7-9D28-76FBCC010A2F}.Release|Any CPU.ActiveCfg = Debug|Any CPU
		{3112CC47-130C-4FF7-9D28-76FBCC010A2F}.Release|Any CPU.Build.0 = Debug|Any CPU
		{95442A6D-A71B-4818-8E34-3BC237841E28}.Debug|Any CPU.ActiveCfg = Debug|Any CPU
		{95442A6D-A71B-4818-8E34-3BC237841E28}.Debug|Any CPU.Build.0 = Debug|Any CPU
		{95442A6D-A71B-4818-8E34-3BC237841E28}.Release|Any CPU.ActiveCfg = Release|Any CPU
		{95442A6D-A71B-4818-8E34-3BC237841E28}.Release|Any CPU.Build.0 = Release|Any CPU
	EndGlobalSection
	GlobalSection(SolutionProperties) = preSolution
		HideSolutionNode = FALSE
	EndGlobalSection
	GlobalSection(ExtensibilityGlobals) = postSolution
		SolutionGuid = {BC5774C2-A6DB-495D-A638-FFF25CEE75F3}
	EndGlobalSection
EndGlobal
